
Microsoft Visual Studio Solution File, Format Version 9.00
# Visual Studio 2005
Project("{8BC9CEB8-8B4A-11D0-8D11-00A0C91BC942}") = "config_parser", "config_parser\config_parser.vcproj", "{6F7916C9-219A-4A1B-8588-863D6ECDF302}"
	ProjectSection(ProjectDependencies) = postProject
		{CD56D61F-52F5-40DF-B8F8-AE3AEC78C003} = {CD56D61F-52F5-40DF-B8F8-AE3AEC78C003}
		{5C4CE4CD-2F50-4AC3-8CEC-C38037A1B00A} = {5C4CE4CD-2F50-4AC3-8CEC-C38037A1B00A}
	EndProjectSection
EndProject
Project("{8BC9CEB8-8B4A-11D0-8D11-00A0C91BC942}") = "libxsupconfig", "libxsupconfig\libxsupconfig.vcproj", "{CD56D61F-52F5-40DF-B8F8-AE3AEC78C003}"
EndProject
Project("{8BC9CEB8-8B4A-11D0-8D11-00A0C91BC942}") = "libxsupconfwrite", "libxsupconfwrite\libxsupconfwrite.vcproj", "{5C4CE4CD-2F50-4AC3-8CEC-C38037A1B00A}"
	ProjectSection(ProjectDependencies) = postProject
		{CD56D61F-52F5-40DF-B8F8-AE3AEC78C003} = {CD56D61F-52F5-40DF-B8F8-AE3AEC78C003}
	EndProjectSection
EndProject
Global
	GlobalSection(SolutionConfigurationPlatforms) = preSolution
		Debug as Service with TNC|Win32 = Debug as Service with TNC|Win32
		Debug With TNC|Win32 = Debug With TNC|Win32
		Debug|Win32 = Debug|Win32
		Release as Service with TNC|Win32 = Release as Service with TNC|Win32
		Release with TNC|Win32 = Release with TNC|Win32
		Release|Win32 = Release|Win32
	EndGlobalSection
	GlobalSection(ProjectConfigurationPlatforms) = postSolution
		{6F7916C9-219A-4A1B-8588-863D6ECDF302}.Debug as Service with TNC|Win32.ActiveCfg = Debug|Win32
		{6F7916C9-219A-4A1B-8588-863D6ECDF302}.Debug as Service with TNC|Win32.Build.0 = Debug|Win32
		{6F7916C9-219A-4A1B-8588-863D6ECDF302}.Debug With TNC|Win32.ActiveCfg = Debug|Win32
		{6F7916C9-219A-4A1B-8588-863D6ECDF302}.Debug With TNC|Win32.Build.0 = Debug|Win32
		{6F7916C9-219A-4A1B-8588-863D6ECDF302}.Debug|Win32.ActiveCfg = Debug|Win32
		{6F7916C9-219A-4A1B-8588-863D6ECDF302}.Debug|Win32.Build.0 = Debug|Win32
		{6F7916C9-219A-4A1B-8588-863D6ECDF302}.Release as Service with TNC|Win32.ActiveCfg = Release|Win32
		{6F7916C9-219A-4A1B-8588-863D6ECDF302}.Release as Service with TNC|Win32.Build.0 = Release|Win32
		{6F7916C9-219A-4A1B-8588-863D6ECDF302}.Release with TNC|Win32.ActiveCfg = Release|Win32
		{6F7916C9-219A-4A1B-8588-863D6ECDF302}.Release with TNC|Win32.Build.0 = Release|Win32
		{6F7916C9-219A-4A1B-8588-863D6ECDF302}.Release|Win32.ActiveCfg = Release|Win32
		{6F7916C9-219A-4A1B-8588-863D6ECDF302}.Release|Win32.Build.0 = Release|Win32
		{CD56D61F-52F5-40DF-B8F8-AE3AEC78C003}.Debug as Service with TNC|Win32.ActiveCfg = Debug as Service with TNC|Win32
		{CD56D61F-52F5-40DF-B8F8-AE3AEC78C003}.Debug as Service with TNC|Win32.Build.0 = Debug as Service with TNC|Win32
		{CD56D61F-52F5-40DF-B8F8-AE3AEC78C003}.Debug With TNC|Win32.ActiveCfg = Debug With TNC|Win32
		{CD56D61F-52F5-40DF-B8F8-AE3AEC78C003}.Debug With TNC|Win32.Build.0 = Debug With TNC|Win32
		{CD56D61F-52F5-40DF-B8F8-AE3AEC78C003}.Debug|Win32.ActiveCfg = Debug|Win32
		{CD56D61F-52F5-40DF-B8F8-AE3AEC78C003}.Debug|Win32.Build.0 = Debug|Win32
		{CD56D61F-52F5-40DF-B8F8-AE3AEC78C003}.Release as Service with TNC|Win32.ActiveCfg = Release as Service with TNC|Win32
		{CD56D61F-52F5-40DF-B8F8-AE3AEC78C003}.Release as Service with TNC|Win32.Build.0 = Release as Service with TNC|Win32
		{CD56D61F-52F5-40DF-B8F8-AE3AEC78C003}.Release with TNC|Win32.ActiveCfg = Release with TNC|Win32
		{CD56D61F-52F5-40DF-B8F8-AE3AEC78C003}.Release with TNC|Win32.Build.0 = Release with TNC|Win32
		{CD56D61F-52F5-40DF-B8F8-AE3AEC78C003}.Release|Win32.ActiveCfg = Release|Win32
		{CD56D61F-52F5-40DF-B8F8-AE3AEC78C003}.Release|Win32.Build.0 = Release|Win32
		{5C4CE4CD-2F50-4AC3-8CEC-C38037A1B00A}.Debug as Service with TNC|Win32.ActiveCfg = Debug as Service with TNC|Win32
		{5C4CE4CD-2F50-4AC3-8CEC-C38037A1B00A}.Debug as Service with TNC|Win32.Build.0 = Debug as Service with TNC|Win32
		{5C4CE4CD-2F50-4AC3-8CEC-C38037A1B00A}.Debug With TNC|Win32.ActiveCfg = Debug With TNC|Win32
		{5C4CE4CD-2F50-4AC3-8CEC-C38037A1B00A}.Debug With TNC|Win32.Build.0 = Debug With TNC|Win32
		{5C4CE4CD-2F50-4AC3-8CEC-C38037A1B00A}.Debug|Win32.ActiveCfg = Debug|Win32
		{5C4CE4CD-2F50-4AC3-8CEC-C38037A1B00A}.Debug|Win32.Build.0 = Debug|Win32
		{5C4CE4CD-2F50-4AC3-8CEC-C38037A1B00A}.Release as Service with TNC|Win32.ActiveCfg = Release as Service with TNC|Win32
		{5C4CE4CD-2F50-4AC3-8CEC-C38037A1B00A}.Release as Service with TNC|Win32.Build.0 = Release as Service with TNC|Win32
		{5C4CE4CD-2F50-4AC3-8CEC-C38037A1B00A}.Release with TNC|Win32.ActiveCfg = Release with TNC|Win32
		{5C4CE4CD-2F50-4AC3-8CEC-C38037A1B00A}.Release with TNC|Win32.Build.0 = Release with TNC|Win32
		{5C4CE4CD-2F50-4AC3-8CEC-C38037A1B00A}.Release|Win32.ActiveCfg = Release|Win32
		{5C4CE4CD-2F50-4AC3-8CEC-C38037A1B00A}.Release|Win32.Build.0 = Release|Win32
	EndGlobalSection
	GlobalSection(SolutionProperties) = preSolution
		HideSolutionNode = FALSE
	EndGlobalSection
EndGlobal
