
Microsoft Visual Studio Solution File, Format Version 9.00
# Visual Studio 2005
Project("{8BC9CEB8-8B4A-11D0-8D11-00A0C91BC942}") = "BirdDog", "BirdDog\BirdDog.vcproj", "{408DF754-4A58-48B4-A4F1-F54E6ACB6A8A}"
EndProject
Project("{8BC9CEB8-8B4A-11D0-8D11-00A0C91BC942}") = "SoftSIM3G", "SoftSIM3G\SoftSIM3G.vcproj", "{EA49E31D-F66F-4429-8008-9F57B5FE116E}"
EndProject
Project("{8BC9CEB8-8B4A-11D0-8D11-00A0C91BC942}") = "SoftSIM2G", "SoftSIM2G\SoftSIM2G.vcproj", "{AC95342D-074A-42D1-998D-CB54157707AB}"
EndProject
Global
	GlobalSection(SolutionConfigurationPlatforms) = preSolution
		Debug|Win32 = Debug|Win32
		Release|Win32 = Release|Win32
	EndGlobalSection
	GlobalSection(ProjectConfigurationPlatforms) = postSolution
		{408DF754-4A58-48B4-A4F1-F54E6ACB6A8A}.Debug|Win32.ActiveCfg = Debug|Win32
		{408DF754-4A58-48B4-A4F1-F54E6ACB6A8A}.Debug|Win32.Build.0 = Debug|Win32
		{408DF754-4A58-48B4-A4F1-F54E6ACB6A8A}.Release|Win32.ActiveCfg = Release|Win32
		{408DF754-4A58-48B4-A4F1-F54E6ACB6A8A}.Release|Win32.Build.0 = Release|Win32
		{EA49E31D-F66F-4429-8008-9F57B5FE116E}.Debug|Win32.ActiveCfg = Debug|Win32
		{EA49E31D-F66F-4429-8008-9F57B5FE116E}.Debug|Win32.Build.0 = Debug|Win32
		{EA49E31D-F66F-4429-8008-9F57B5FE116E}.Release|Win32.ActiveCfg = Release|Win32
		{EA49E31D-F66F-4429-8008-9F57B5FE116E}.Release|Win32.Build.0 = Release|Win32
		{AC95342D-074A-42D1-998D-CB54157707AB}.Debug|Win32.ActiveCfg = Debug|Win32
		{AC95342D-074A-42D1-998D-CB54157707AB}.Debug|Win32.Build.0 = Debug|Win32
		{AC95342D-074A-42D1-998D-CB54157707AB}.Release|Win32.ActiveCfg = Release|Win32
		{AC95342D-074A-42D1-998D-CB54157707AB}.Release|Win32.Build.0 = Release|Win32
	EndGlobalSection
	GlobalSection(SolutionProperties) = preSolution
		HideSolutionNode = FALSE
	EndGlobalSection
EndGlobal
